# THIS IS AN AUTOGENERATED FILE. DO NOT EDIT THIS FILE DIRECTLY.
# yarn lockfile v1


"@next/font@^13.0.4":
  version "13.0.4"
  resolved "https://registry.yarnpkg.com/@next/font/-/font-13.0.4.tgz#43a9d38df0279745d2119bf79f10882b825a01a3"
  integrity sha512-csZhVqe870p7XE03WfbDLzjVwdBAWxe6/lWGQosfqY/XN5tsmfDLpj442veicfCiiuF7/ydSnAAJxH8PQVBVWQ==

husky@^8.0.2:
  version "8.0.2"
  resolved "https://registry.yarnpkg.com/husky/-/husky-8.0.2.tgz#5816a60db02650f1f22c8b69b928fd6bcd77a236"
  integrity sha512-Tkv80jtvbnkK3mYWxPZePGFpQ/tT3HNSs/sasF9P2YfkMezDl3ON37YN6jUUI4eTg5LcyVynlb6r4eyvOmspvg==
